// !$*UTF8*$!
{
	archiveVersion = 1;
	classes = {
	};
	objectVersion = 56;
	objects = {

/* Begin PBXBuildFile section */
		AD3364212AE2AC250008FAA2 /* MathFunctions.h in Headers */ = {isa = PBXBuildFile; fileRef = AD3364202AE2AC250008FAA2 /* MathFunctions.h */; settings = {ATTRIBUTES = (Public, ); }; };
		AD3364282AE2ACD60008FAA2 /* MathFunction.swift in Sources */ = {isa = PBXBuildFile; fileRef = AD3364272AE2ACD60008FAA2 /* MathFunction.swift */; };
		AD3364322AE2B0020008FAA2 /* AppDelegate.swift in Sources */ = {isa = PBXBuildFile; fileRef = AD3364312AE2B0020008FAA2 /* AppDelegate.swift */; };
		AD3364342AE2B0020008FAA2 /* SceneDelegate.swift in Sources */ = {isa = PBXBuildFile; fileRef = AD3364332AE2B0020008FAA2 /* SceneDelegate.swift */; };
		AD3364362AE2B0020008FAA2 /* ViewController.swift in Sources */ = {isa = PBXBuildFile; fileRef = AD3364352AE2B0020008FAA2 /* ViewController.swift */; };
		AD3364392AE2B0020008FAA2 /* Main.storyboard in Resources */ = {isa = PBXBuildFile; fileRef = AD3364372AE2B0020008FAA2 /* Main.storyboard */; };
		AD33643B2AE2B0040008FAA2 /* Assets.xcassets in Resources */ = {isa = PBXBuildFile; fileRef = AD33643A2AE2B0040008FAA2 /* Assets.xcassets */; };
		AD33643E2AE2B0040008FAA2 /* LaunchScreen.storyboard in Resources */ = {isa = PBXBuildFile; fileRef = AD33643C2AE2B0040008FAA2 /* LaunchScreen.storyboard */; };
		AD3364442AE2B0280008FAA2 /* MathFunctions.framework in Frameworks */ = {isa = PBXBuildFile; fileRef = AD33641D2AE2AC250008FAA2 /* MathFunctions.framework */; };
		AD3364452AE2B0280008FAA2 /* MathFunctions.framework in Embed Frameworks */ = {isa = PBXBuildFile; fileRef = AD33641D2AE2AC250008FAA2 /* MathFunctions.framework */; settings = {ATTRIBUTES = (CodeSignOnCopy, RemoveHeadersOnCopy, ); }; };
/* End PBXBuildFile section */

/* Begin PBXContainerItemProxy section */
		AD3364462AE2B0280008FAA2 /* PBXContainerItemProxy */ = {
			isa = PBXContainerItemProxy;
			containerPortal = AD3364142AE2AC250008FAA2 /* Project object */;
			proxyType = 1;
			remoteGlobalIDString = AD33641C2AE2AC250008FAA2;
			remoteInfo = MathFunctions;
		};
/* End PBXContainerItemProxy section */

/* Begin PBXCopyFilesBuildPhase section */
		AD3364482AE2B0280008FAA2 /* Embed Frameworks */ = {
			isa = PBXCopyFilesBuildPhase;
			buildActionMask = 2147483647;
			dstPath = "";
			dstSubfolderSpec = 10;
			files = (
				AD3364452AE2B0280008FAA2 /* MathFunctions.framework in Embed Frameworks */,
			);
			name = "Embed Frameworks";
			runOnlyForDeploymentPostprocessing = 0;
		};
/* End PBXCopyFilesBuildPhase section */

/* Begin PBXFileReference section */
		AD33641D2AE2AC250008FAA2 /* MathFunctions.framework */ = {isa = PBXFileReference; explicitFileType = wrapper.framework; includeInIndex = 0; path = MathFunctions.framework; sourceTree = BUILT_PRODUCTS_DIR; };
		AD3364202AE2AC250008FAA2 /* MathFunctions.h */ = {isa = PBXFileReference; lastKnownFileType = sourcecode.c.h; path = MathFunctions.h; sourceTree = "<group>"; };
		AD3364272AE2ACD60008FAA2 /* MathFunction.swift */ = {isa = PBXFileReference; lastKnownFileType = sourcecode.swift; path = MathFunction.swift; sourceTree = "<group>"; };
		AD33642F2AE2B0020008FAA2 /* DemoMath.app */ = {isa = PBXFileReference; explicitFileType = wrapper.application; includeInIndex = 0; path = DemoMath.app; sourceTree = BUILT_PRODUCTS_DIR; };
		AD3364312AE2B0020008FAA2 /* AppDelegate.swift */ = {isa = PBXFileReference; lastKnownFileType = sourcecode.swift; path = AppDelegate.swift; sourceTree = "<group>"; };
		AD3364332AE2B0020008FAA2 /* SceneDelegate.swift */ = {isa = PBXFileReference; lastKnownFileType = sourcecode.swift; path = SceneDelegate.swift; sourceTree = "<group>"; };
		AD3364352AE2B0020008FAA2 /* ViewController.swift */ = {isa = PBXFileReference; lastKnownFileType = sourcecode.swift; path = ViewController.swift; sourceTree = "<group>"; };
		AD3364382AE2B0020008FAA2 /* Base */ = {isa = PBXFileReference; lastKnownFileType = file.storyboard; name = Base; path = Base.lproj/Main.storyboard; sourceTree = "<group>"; };
		AD33643A2AE2B0040008FAA2 /* Assets.xcassets */ = {isa = PBXFileReference; lastKnownFileType = folder.assetcatalog; path = Assets.xcassets; sourceTree = "<group>"; };
		AD33643D2AE2B0040008FAA2 /* Base */ = {isa = PBXFileReference; lastKnownFileType = file.storyboard; name = Base; path = Base.lproj/LaunchScreen.storyboard; sourceTree = "<group>"; };
		AD33643F2AE2B0040008FAA2 /* Info.plist */ = {isa = PBXFileReference; lastKnownFileType = text.plist.xml; path = Info.plist; sourceTree = "<group>"; };
/* End PBXFileReference section */

/* Begin PBXFrameworksBuildPhase section */
		AD33641A2AE2AC250008FAA2 /* Frameworks */ = {
			isa = PBXFrameworksBuildPhase;
			buildActionMask = 2147483647;
			files = (
			);
			runOnlyForDeploymentPostprocessing = 0;
		};
		AD33642C2AE2B0020008FAA2 /* Frameworks */ = {
			isa = PBXFrameworksBuildPhase;
			buildActionMask = 2147483647;
			files = (
				AD3364442AE2B0280008FAA2 /* MathFunctions.framework in Frameworks */,
			);
			runOnlyForDeploymentPostprocessing = 0;
		};
/* End PBXFrameworksBuildPhase section */

/* Begin PBXGroup section */
		AD3364132AE2AC250008FAA2 = {
			isa = PBXGroup;
			children = (
				AD33641F2AE2AC250008FAA2 /* MathFunctions */,
				AD3364302AE2B0020008FAA2 /* DemoMath */,
				AD33641E2AE2AC250008FAA2 /* Products */,
				AD3364432AE2B0280008FAA2 /* Frameworks */,
			);
			sourceTree = "<group>";
		};
		AD33641E2AE2AC250008FAA2 /* Products */ = {
			isa = PBXGroup;
			children = (
				AD33641D2AE2AC250008FAA2 /* MathFunctions.framework */,
				AD33642F2AE2B0020008FAA2 /* DemoMath.app */,
			);
			name = Products;
			sourceTree = "<group>";
		};
		AD33641F2AE2AC250008FAA2 /* MathFunctions */ = {
			isa = PBXGroup;
			children = (
				AD3364202AE2AC250008FAA2 /* MathFunctions.h */,
				AD3364272AE2ACD60008FAA2 /* MathFunction.swift */,
			);
			path = MathFunctions;
			sourceTree = "<group>";
		};
		AD3364302AE2B0020008FAA2 /* DemoMath */ = {
			isa = PBXGroup;
			children = (
				AD3364312AE2B0020008FAA2 /* AppDelegate.swift */,
				AD3364332AE2B0020008FAA2 /* SceneDelegate.swift */,
				AD3364352AE2B0020008FAA2 /* ViewController.swift */,
				AD3364372AE2B0020008FAA2 /* Main.storyboard */,
				AD33643A2AE2B0040008FAA2 /* Assets.xcassets */,
				AD33643C2AE2B0040008FAA2 /* LaunchScreen.storyboard */,
				AD33643F2AE2B0040008FAA2 /* Info.plist */,
			);
			path = DemoMath;
			sourceTree = "<group>";
		};
		AD3364432AE2B0280008FAA2 /* Frameworks */ = {
			isa = PBXGroup;
			children = (
			);
			name = Frameworks;
			sourceTree = "<group>";
		};
/* End PBXGroup section */

/* Begin PBXHeadersBuildPhase section */
		AD3364182AE2AC250008FAA2 /* Headers */ = {
			isa = PBXHeadersBuildPhase;
			buildActionMask = 2147483647;
			files = (
				AD3364212AE2AC250008FAA2 /* MathFunctions.h in Headers */,
			);
			runOnlyForDeploymentPostprocessing = 0;
		};
/* End PBXHeadersBuildPhase section */

/* Begin PBXNativeTarget section */
		AD33641C2AE2AC250008FAA2 /* MathFunctions */ = {
			isa = PBXNativeTarget;
			buildConfigurationList = AD3364242AE2AC250008FAA2 /* Build configuration list for PBXNativeTarget "MathFunctions" */;
			buildPhases = (
				AD3364182AE2AC250008FAA2 /* Headers */,
				AD3364192AE2AC250008FAA2 /* Sources */,
				AD33641A2AE2AC250008FAA2 /* Frameworks */,
				AD33641B2AE2AC250008FAA2 /* Resources */,
			);
			buildRules = (
			);
			dependencies = (
			);
			name = MathFunctions;
			productName = MathFunctions;
			productReference = AD33641D2AE2AC250008FAA2 /* MathFunctions.framework */;
			productType = "com.apple.product-type.framework";
		};
		AD33642E2AE2B0020008FAA2 /* DemoMath */ = {
			isa = PBXNativeTarget;
			buildConfigurationList = AD3364402AE2B0040008FAA2 /* Build configuration list for PBXNativeTarget "DemoMath" */;
			buildPhases = (
				AD33642B2AE2B0020008FAA2 /* Sources */,
				AD33642C2AE2B0020008FAA2 /* Frameworks */,
				AD33642D2AE2B0020008FAA2 /* Resources */,
				AD3364482AE2B0280008FAA2 /* Embed Frameworks */,
			);
			buildRules = (
			);
			dependencies = (
				AD3364472AE2B0280008FAA2 /* PBXTargetDependency */,
			);
			name = DemoMath;
			productName = DemoMath;
			productReference = AD33642F2AE2B0020008FAA2 /* DemoMath.app */;
			productType = "com.apple.product-type.application";
		};
/* End PBXNativeTarget section */

/* Begin PBXProject section */
		AD3364142AE2AC250008FAA2 /* Project object */ = {
			isa = PBXProject;
			attributes = {
				BuildIndependentTargetsInParallel = 1;
				LastSwiftUpdateCheck = 1500;
				LastUpgradeCheck = 1500;
				TargetAttributes = {
					AD33641C2AE2AC250008FAA2 = {
						CreatedOnToolsVersion = 15.0;
						LastSwiftMigration = 1500;
					};
					AD33642E2AE2B0020008FAA2 = {
						CreatedOnToolsVersion = 15.0;
					};
				};
			};
			buildConfigurationList = AD3364172AE2AC250008FAA2 /* Build configuration list for PBXProject "MathFunctions" */;
			compatibilityVersion = "Xcode 14.0";
			developmentRegion = en;
			hasScannedForEncodings = 0;
			knownRegions = (
				en,
				Base,
			);
			mainGroup = AD3364132AE2AC250008FAA2;
			productRefGroup = AD33641E2AE2AC250008FAA2 /* Products */;
			projectDirPath = "";
			projectRoot = "";
			targets = (
				AD33641C2AE2AC250008FAA2 /* MathFunctions */,
				AD33642E2AE2B0020008FAA2 /* DemoMath */,
			);
		};
/* End PBXProject section */

/* Begin PBXResourcesBuildPhase section */
		AD33641B2AE2AC250008FAA2 /* Resources */ = {
			isa = PBXResourcesBuildPhase;
			buildActionMask = 2147483647;
			files = (
			);
			runOnlyForDeploymentPostprocessing = 0;
		};
		AD33642D2AE2B0020008FAA2 /* Resources */ = {
			isa = PBXResourcesBuildPhase;
			buildActionMask = 2147483647;
			files = (
				AD33643E2AE2B0040008FAA2 /* LaunchScreen.storyboard in Resources */,
				AD33643B2AE2B0040008FAA2 /* Assets.xcassets in Resources */,
				AD3364392AE2B0020008FAA2 /* Main.storyboard in Resources */,
			);
			runOnlyForDeploymentPostprocessing = 0;
		};
/* End PBXResourcesBuildPhase section */

/* Begin PBXSourcesBuildPhase section */
		AD3364192AE2AC250008FAA2 /* Sources */ = {
			isa = PBXSourcesBuildPhase;
			buildActionMask = 2147483647;
			files = (
				AD3364282AE2ACD60008FAA2 /* MathFunction.swift in Sources */,
			);
			runOnlyForDeploymentPostprocessing = 0;
		};
		AD33642B2AE2B0020008FAA2 /* Sources */ = {
			isa = PBXSourcesBuildPhase;
			buildActionMask = 2147483647;
			files = (
				AD3364362AE2B0020008FAA2 /* ViewController.swift in Sources */,
				AD3364322AE2B0020008FAA2 /* AppDelegate.swift in Sources */,
				AD3364342AE2B0020008FAA2 /* SceneDelegate.swift in Sources */,
			);
			runOnlyForDeploymentPostprocessing = 0;
		};
/* End PBXSourcesBuildPhase section */

/* Begin PBXTargetDependency section */
		AD3364472AE2B0280008FAA2 /* PBXTargetDependency */ = {
			isa = PBXTargetDependency;
			target = AD33641C2AE2AC250008FAA2 /* MathFunctions */;
			targetProxy = AD3364462AE2B0280008FAA2 /* PBXContainerItemProxy */;
		};
/* End PBXTargetDependency section */

/* Begin PBXVariantGroup section */
		AD3364372AE2B0020008FAA2 /* Main.storyboard */ = {
			isa = PBXVariantGroup;
			children = (
				AD3364382AE2B0020008FAA2 /* Base */,
			);
			name = Main.storyboard;
			sourceTree = "<group>";
		};
		AD33643C2AE2B0040008FAA2 /* LaunchScreen.storyboard */ = {
			isa = PBXVariantGroup;
			children = (
				AD33643D2AE2B0040008FAA2 /* Base */,
			);
			name = LaunchScreen.storyboard;
			sourceTree = "<group>";
		};
/* End PBXVariantGroup section */

/* Begin XCBuildConfiguration section */
		AD3364222AE2AC250008FAA2 /* Debug */ = {
			isa = XCBuildConfiguration;
			buildSettings = {
				ALWAYS_SEARCH_USER_PATHS = NO;
				ASSETCATALOG_COMPILER_GENERATE_SWIFT_ASSET_SYMBOL_EXTENSIONS = YES;
				CLANG_ANALYZER_NONNULL = YES;
				CLANG_ANALYZER_NUMBER_OBJECT_CONVERSION = YES_AGGRESSIVE;
				CLANG_CXX_LANGUAGE_STANDARD = "gnu++20";
				CLANG_ENABLE_MODULES = YES;
				CLANG_ENABLE_OBJC_ARC = YES;
				CLANG_ENABLE_OBJC_WEAK = YES;
				CLANG_WARN_BLOCK_CAPTURE_AUTORELEASING = YES;
				CLANG_WARN_BOOL_CONVERSION = YES;
				CLANG_WARN_COMMA = YES;
				CLANG_WARN_CONSTANT_CONVERSION = YES;
				CLANG_WARN_DEPRECATED_OBJC_IMPLEMENTATIONS = YES;
				CLANG_WARN_DIRECT_OBJC_ISA_USAGE = YES_ERROR;
				CLANG_WARN_DOCUMENTATION_COMMENTS = YES;
				CLANG_WARN_EMPTY_BODY = YES;
				CLANG_WARN_ENUM_CONVERSION = YES;
				CLANG_WARN_INFINITE_RECURSION = YES;
				CLANG_WARN_INT_CONVERSION = YES;
				CLANG_WARN_NON_LITERAL_NULL_CONVERSION = YES;
				CLANG_WARN_OBJC_IMPLICIT_RETAIN_SELF = YES;
				CLANG_WARN_OBJC_LITERAL_CONVERSION = YES;
				CLANG_WARN_OBJC_ROOT_CLASS = YES_ERROR;
				CLANG_WARN_QUOTED_INCLUDE_IN_FRAMEWORK_HEADER = YES;
				CLANG_WARN_RANGE_LOOP_ANALYSIS = YES;
				CLANG_WARN_STRICT_PROTOTYPES = YES;
				CLANG_WARN_SUSPICIOUS_MOVE = YES;
				CLANG_WARN_UNGUARDED_AVAILABILITY = YES_AGGRESSIVE;
				CLANG_WARN_UNREACHABLE_CODE = YES;
				CLANG_WARN__DUPLICATE_METHOD_MATCH = YES;
				COPY_PHASE_STRIP = NO;
				CURRENT_PROJECT_VERSION = 1;
				DEBUG_INFORMATION_FORMAT = dwarf;
				ENABLE_STRICT_OBJC_MSGSEND = YES;
				ENABLE_TESTABILITY = YES;
				ENABLE_USER_SCRIPT_SANDBOXING = YES;
				GCC_C_LANGUAGE_STANDARD = gnu17;
				GCC_DYNAMIC_NO_PIC = NO;
				GCC_NO_COMMON_BLOCKS = YES;
				GCC_OPTIMIZATION_LEVEL = 0;
				GCC_PREPROCESSOR_DEFINITIONS = (
					"DEBUG=1",
					"$(inherited)",
				);
				GCC_WARN_64_TO_32_BIT_CONVERSION = YES;
				GCC_WARN_ABOUT_RETURN_TYPE = YES_ERROR;
				GCC_WARN_UNDECLARED_SELECTOR = YES;
				GCC_WARN_UNINITIALIZED_AUTOS = YES_AGGRESSIVE;
				GCC_WARN_UNUSED_FUNCTION = YES;
				GCC_WARN_UNUSED_VARIABLE = YES;
				IPHONEOS_DEPLOYMENT_TARGET = 15.0;
				LOCALIZATION_PREFERS_STRING_CATALOGS = YES;
				MTL_ENABLE_DEBUG_INFO = INCLUDE_SOURCE;
				MTL_FAST_MATH = YES;
				ONLY_ACTIVE_ARCH = YES;
				SDKROOT = iphoneos;
				SWIFT_ACTIVE_COMPILATION_CONDITIONS = "DEBUG $(inherited)";
				SWIFT_OPTIMIZATION_LEVEL = "-Onone";
				VERSIONING_SYSTEM = "apple-generic";
				VERSION_INFO_PREFIX = "";
			};
			name = Debug;
		};
		AD3364232AE2AC250008FAA2 /* Release */ = {
			isa = XCBuildConfiguration;
			buildSettings = {
				ALWAYS_SEARCH_USER_PATHS = NO;
				ASSETCATALOG_COMPILER_GENERATE_SWIFT_ASSET_SYMBOL_EXTENSIONS = YES;
				CLANG_ANALYZER_NONNULL = YES;
				CLANG_ANALYZER_NUMBER_OBJECT_CONVERSION = YES_AGGRESSIVE;
				CLANG_CXX_LANGUAGE_STANDARD = "gnu++20";
				CLANG_ENABLE_MODULES = YES;
				CLANG_ENABLE_OBJC_ARC = YES;
				CLANG_ENABLE_OBJC_WEAK = YES;
				CLANG_WARN_BLOCK_CAPTURE_AUTORELEASING = YES;
				CLANG_WARN_BOOL_CONVERSION = YES;
				CLANG_WARN_COMMA = YES;
				CLANG_WARN_CONSTANT_CONVERSION = YES;
				CLANG_WARN_DEPRECATED_OBJC_IMPLEMENTATIONS = YES;
				CLANG_WARN_DIRECT_OBJC_ISA_USAGE = YES_ERROR;
				CLANG_WARN_DOCUMENTATION_COMMENTS = YES;
				CLANG_WARN_EMPTY_BODY = YES;
				CLANG_WARN_ENUM_CONVERSION = YES;
				CLANG_WARN_INFINITE_RECURSION = YES;
				CLANG_WARN_INT_CONVERSION = YES;
				CLANG_WARN_NON_LITERAL_NULL_CONVERSION = YES;
				CLANG_WARN_OBJC_IMPLICIT_RETAIN_SELF = YES;
				CLANG_WARN_OBJC_LITERAL_CONVERSION = YES;
				CLANG_WARN_OBJC_ROOT_CLASS = YES_ERROR;
				CLANG_WARN_QUOTED_INCLUDE_IN_FRAMEWORK_HEADER = YES;
				CLANG_WARN_RANGE_LOOP_ANALYSIS = YES;
				CLANG_WARN_STRICT_PROTOTYPES = YES;
				CLANG_WARN_SUSPICIOUS_MOVE = YES;
				CLANG_WARN_UNGUARDED_AVAILABILITY = YES_AGGRESSIVE;
				CLANG_WARN_UNREACHABLE_CODE = YES;
				CLANG_WARN__DUPLICATE_METHOD_MATCH = YES;
				COPY_PHASE_STRIP = NO;
				CURRENT_PROJECT_VERSION = 1;
				DEBUG_INFORMATION_FORMAT = "dwarf-with-dsym";
				ENABLE_NS_ASSERTIONS = NO;
				ENABLE_STRICT_OBJC_MSGSEND = YES;
				ENABLE_USER_SCRIPT_SANDBOXING = YES;
				GCC_C_LANGUAGE_STANDARD = gnu17;
				GCC_NO_COMMON_BLOCKS = YES;
				GCC_WARN_64_TO_32_BIT_CONVERSION = YES;
				GCC_WARN_ABOUT_RETURN_TYPE = YES_ERROR;
				GCC_WARN_UNDECLARED_SELECTOR = YES;
				GCC_WARN_UNINITIALIZED_AUTOS = YES_AGGRESSIVE;
				GCC_WARN_UNUSED_FUNCTION = YES;
				GCC_WARN_UNUSED_VARIABLE = YES;
				IPHONEOS_DEPLOYMENT_TARGET = 15.0;
				LOCALIZATION_PREFERS_STRING_CATALOGS = YES;
				MTL_ENABLE_DEBUG_INFO = NO;
				MTL_FAST_MATH = YES;
				SDKROOT = iphoneos;
				SWIFT_COMPILATION_MODE = wholemodule;
				VALIDATE_PRODUCT = YES;
				VERSIONING_SYSTEM = "apple-generic";
				VERSION_INFO_PREFIX = "";
			};
			name = Release;
		};
		AD3364252AE2AC250008FAA2 /* Debug */ = {
			isa = XCBuildConfiguration;
			buildSettings = {
				CLANG_ENABLE_MODULES = YES;
				CODE_SIGN_STYLE = Automatic;
				CURRENT_PROJECT_VERSION = 1;
				DEFINES_MODULE = YES;
				DYLIB_COMPATIBILITY_VERSION = 1;
				DYLIB_CURRENT_VERSION = 1;
				DYLIB_INSTALL_NAME_BASE = "@rpath";
				ENABLE_MODULE_VERIFIER = YES;
				GENERATE_INFOPLIST_FILE = YES;
				INFOPLIST_KEY_NSHumanReadableCopyright = "";
				INSTALL_PATH = "$(LOCAL_LIBRARY_DIR)/Frameworks";
				LD_RUNPATH_SEARCH_PATHS = (
					"$(inherited)",
					"@executable_path/Frameworks",
					"@loader_path/Frameworks",
				);
				MARKETING_VERSION = 1.0;
				MODULE_VERIFIER_SUPPORTED_LANGUAGES = "objective-c objective-c++";
				MODULE_VERIFIER_SUPPORTED_LANGUAGE_STANDARDS = "gnu17 gnu++20";
				PRODUCT_BUNDLE_IDENTIFIER = com.aifise.MathFunctions;
				PRODUCT_NAME = "$(TARGET_NAME:c99extidentifier)";
				SKIP_INSTALL = YES;
				SWIFT_EMIT_LOC_STRINGS = YES;
				SWIFT_OPTIMIZATION_LEVEL = "-Onone";
				SWIFT_VERSION = 5.0;
				TARGETED_DEVICE_FAMILY = "1,2";
			};
			name = Debug;
		};
		AD3364262AE2AC250008FAA2 /* Release */ = {
			isa = XCBuildConfiguration;
			buildSettings = {
				CLANG_ENABLE_MODULES = YES;
				CODE_SIGN_STYLE = Automatic;
				CURRENT_PROJECT_VERSION = 1;
				DEFINES_MODULE = YES;
				DYLIB_COMPATIBILITY_VERSION = 1;
				DYLIB_CURRENT_VERSION = 1;
				DYLIB_INSTALL_NAME_BASE = "@rpath";
				ENABLE_MODULE_VERIFIER = YES;
				GENERATE_INFOPLIST_FILE = YES;
				INFOPLIST_KEY_NSHumanReadableCopyright = "";
				INSTALL_PATH = "$(LOCAL_LIBRARY_DIR)/Frameworks";
				LD_RUNPATH_SEARCH_PATHS = (
					"$(inherited)",
					"@executable_path/Frameworks",
					"@loader_path/Frameworks",
				);
				MARKETING_VERSION = 1.0;
				MODULE_VERIFIER_SUPPORTED_LANGUAGES = "objective-c objective-c++";
				MODULE_VERIFIER_SUPPORTED_LANGUAGE_STANDARDS = "gnu17 gnu++20";
				PRODUCT_BUNDLE_IDENTIFIER = com.aifise.MathFunctions;
				PRODUCT_NAME = "$(TARGET_NAME:c99extidentifier)";
				SKIP_INSTALL = YES;
				SWIFT_EMIT_LOC_STRINGS = YES;
				SWIFT_VERSION = 5.0;
				TARGETED_DEVICE_FAMILY = "1,2";
			};
			name = Release;
		};
		AD3364412AE2B0040008FAA2 /* Debug */ = {
			isa = XCBuildConfiguration;
			buildSettings = {
				ASSETCATALOG_COMPILER_APPICON_NAME = AppIcon;
				ASSETCATALOG_COMPILER_GLOBAL_ACCENT_COLOR_NAME = AccentColor;
				"CODE_SIGN_IDENTITY[sdk=iphoneos*]" = "iPhone Developer";
				CODE_SIGN_STYLE = Manual;
				CURRENT_PROJECT_VERSION = 1;
				DEVELOPMENT_TEAM = "";
				"DEVELOPMENT_TEAM[sdk=iphoneos*]" = Z3K5B6Y8JH;
				GENERATE_INFOPLIST_FILE = YES;
				INFOPLIST_FILE = DemoMath/Info.plist;
				INFOPLIST_KEY_UIApplicationSupportsIndirectInputEvents = YES;
				INFOPLIST_KEY_UILaunchStoryboardName = LaunchScreen;
				INFOPLIST_KEY_UIMainStoryboardFile = Main;
				INFOPLIST_KEY_UISupportedInterfaceOrientations_iPad = "UIInterfaceOrientationPortrait UIInterfaceOrientationPortraitUpsideDown UIInterfaceOrientationLandscapeLeft UIInterfaceOrientationLandscapeRight";
				INFOPLIST_KEY_UISupportedInterfaceOrientations_iPhone = "UIInterfaceOrientationPortrait UIInterfaceOrientationLandscapeLeft UIInterfaceOrientationLandscapeRight";
				LD_RUNPATH_SEARCH_PATHS = (
					"$(inherited)",
					"@executable_path/Frameworks",
				);
				MARKETING_VERSION = 1.0;
				PRODUCT_BUNDLE_IDENTIFIER = com.aifise.DemoMath;
				PRODUCT_NAME = "$(TARGET_NAME)";
				PROVISIONING_PROFILE_SPECIFIER = "";
				"PROVISIONING_PROFILE_SPECIFIER[sdk=iphoneos*]" = Dev_Wildcard;
				SWIFT_EMIT_LOC_STRINGS = YES;
				SWIFT_VERSION = 5.0;
				TARGETED_DEVICE_FAMILY = "1,2";
			};
			name = Debug;
		};
		AD3364422AE2B0040008FAA2 /* Release */ = {
			isa = XCBuildConfiguration;
			buildSettings = {
				ASSETCATALOG_COMPILER_APPICON_NAME = AppIcon;
				ASSETCATALOG_COMPILER_GLOBAL_ACCENT_COLOR_NAME = AccentColor;
				"CODE_SIGN_IDENTITY[sdk=iphoneos*]" = "iPhone Developer";
				CODE_SIGN_STYLE = Manual;
				CURRENT_PROJECT_VERSION = 1;
				DEVELOPMENT_TEAM = "";
				"DEVELOPMENT_TEAM[sdk=iphoneos*]" = Z3K5B6Y8JH;
				GENERATE_INFOPLIST_FILE = YES;
				INFOPLIST_FILE = DemoMath/Info.plist;
				INFOPLIST_KEY_UIApplicationSupportsIndirectInputEvents = YES;
				INFOPLIST_KEY_UILaunchStoryboardName = LaunchScreen;
				INFOPLIST_KEY_UIMainStoryboardFile = Main;
				INFOPLIST_KEY_UISupportedInterfaceOrientations_iPad = "UIInterfaceOrientationPortrait UIInterfaceOrientationPortraitUpsideDown UIInterfaceOrientationLandscapeLeft UIInterfaceOrientationLandscapeRight";
				INFOPLIST_KEY_UISupportedInterfaceOrientations_iPhone = "UIInterfaceOrientationPortrait UIInterfaceOrientationLandscapeLeft UIInterfaceOrientationLandscapeRight";
				LD_RUNPATH_SEARCH_PATHS = (
					"$(inherited)",
					"@executable_path/Frameworks",
				);
				MARKETING_VERSION = 1.0;
				PRODUCT_BUNDLE_IDENTIFIER = com.aifise.DemoMath;
				PRODUCT_NAME = "$(TARGET_NAME)";
				PROVISIONING_PROFILE_SPECIFIER = "";
				"PROVISIONING_PROFILE_SPECIFIER[sdk=iphoneos*]" = Dev_Wildcard;
				SWIFT_EMIT_LOC_STRINGS = YES;
				SWIFT_VERSION = 5.0;
				TARGETED_DEVICE_FAMILY = "1,2";
			};
			name = Release;
		};
/* End XCBuildConfiguration section */

/* Begin XCConfigurationList section */
		AD3364172AE2AC250008FAA2 /* Build configuration list for PBXProject "MathFunctions" */ = {
			isa = XCConfigurationList;
			buildConfigurations = (
				AD3364222AE2AC250008FAA2 /* Debug */,
				AD3364232AE2AC250008FAA2 /* Release */,
			);
			defaultConfigurationIsVisible = 0;
			defaultConfigurationName = Release;
		};
		AD3364242AE2AC250008FAA2 /* Build configuration list for PBXNativeTarget "MathFunctions" */ = {
			isa = XCConfigurationList;
			buildConfigurations = (
				AD3364252AE2AC250008FAA2 /* Debug */,
				AD3364262AE2AC250008FAA2 /* Release */,
			);
			defaultConfigurationIsVisible = 0;
			defaultConfigurationName = Release;
		};
		AD3364402AE2B0040008FAA2 /* Build configuration list for PBXNativeTarget "DemoMath" */ = {
			isa = XCConfigurationList;
			buildConfigurations = (
				AD3364412AE2B0040008FAA2 /* Debug */,
				AD3364422AE2B0040008FAA2 /* Release */,
			);
			defaultConfigurationIsVisible = 0;
			defaultConfigurationName = Release;
		};
/* End XCConfigurationList section */
	};
	rootObject = AD3364142AE2AC250008FAA2 /* Project object */;
}
